
Microsoft Visual Studio Solution File, Format Version 12.00
# Visual Studio Version 16
VisualStudioVersion = 16.0.30011.22
MinimumVisualStudioVersion = 10.0.40219.1
Project("{9A19103F-16F7-4668-BE54-9A1E7A4F7556}") = "API", "API\API.csproj", "{0AFF631F-659E-406A-9019-E62B97BF0441}"
EndProject
Project("{9A19103F-16F7-4668-BE54-9A1E7A4F7556}") = "PhantomBot", "PhantomBot\PhantomBot.csproj", "{156F7A04-01FB-4A6C-BE3B-CA9E6AA47C10}"
EndProject
Project("{FAE04EC0-301F-11D3-BF4B-00C04F79EFBC}") = "Business", "Bussiness\Business.csproj", "{4F4F4430-2BB9-4CC8-B9C0-B2E7DA92D28A}"
EndProject
Global
	GlobalSection(SolutionConfigurationPlatforms) = preSolution
		Debug|Any CPU = Debug|Any CPU
		Release|Any CPU = Release|Any CPU
	EndGlobalSection
	GlobalSection(ProjectConfigurationPlatforms) = postSolution
		{0AFF631F-659E-406A-9019-E62B97BF0441}.Debug|Any CPU.ActiveCfg = Debug|Any CPU
		{0AFF631F-659E-406A-9019-E62B97BF0441}.Debug|Any CPU.Build.0 = Debug|Any CPU
		{0AFF631F-659E-406A-9019-E62B97BF0441}.Release|Any CPU.ActiveCfg = Release|Any CPU
		{0AFF631F-659E-406A-9019-E62B97BF0441}.Release|Any CPU.Build.0 = Release|Any CPU
		{156F7A04-01FB-4A6C-BE3B-CA9E6AA47C10}.Debug|Any CPU.ActiveCfg = Debug|Any CPU
		{156F7A04-01FB-4A6C-BE3B-CA9E6AA47C10}.Debug|Any CPU.Build.0 = Debug|Any CPU
		{156F7A04-01FB-4A6C-BE3B-CA9E6AA47C10}.Release|Any CPU.ActiveCfg = Release|Any CPU
		{156F7A04-01FB-4A6C-BE3B-CA9E6AA47C10}.Release|Any CPU.Build.0 = Release|Any CPU
		{4F4F4430-2BB9-4CC8-B9C0-B2E7DA92D28A}.Debug|Any CPU.ActiveCfg = Debug|Any CPU
		{4F4F4430-2BB9-4CC8-B9C0-B2E7DA92D28A}.Debug|Any CPU.Build.0 = Debug|Any CPU
		{4F4F4430-2BB9-4CC8-B9C0-B2E7DA92D28A}.Release|Any CPU.ActiveCfg = Release|Any CPU
		{4F4F4430-2BB9-4CC8-B9C0-B2E7DA92D28A}.Release|Any CPU.Build.0 = Release|Any CPU
	EndGlobalSection
	GlobalSection(SolutionProperties) = preSolution
		HideSolutionNode = FALSE
	EndGlobalSection
	GlobalSection(ExtensibilityGlobals) = postSolution
		SolutionGuid = {EF7F80E0-2751-4834-9941-99560BBB066D}
	EndGlobalSection
EndGlobal
